
Microsoft Visual Studio Solution File, Format Version 12.00
# Visual Studio Version 16
VisualStudioVersion = 16.0.31112.23
MinimumVisualStudioVersion = 10.0.40219.1
Project("{FAE04EC0-301F-11D3-BF4B-00C04F79EFBC}") = "homework-2", "homework-2\homework-2.csproj", "{F3E38B24-5EF1-4740-9B27-4E5C9509A27A}"
EndProject
Global
	GlobalSection(SolutionConfigurationPlatforms) = preSolution
		Debug|Any CPU = Debug|Any CPU
		Release|Any CPU = Release|Any CPU
	EndGlobalSection
	GlobalSection(ProjectConfigurationPlatforms) = postSolution
		{F3E38B24-5EF1-4740-9B27-4E5C9509A27A}.Debug|Any CPU.ActiveCfg = Debug|Any CPU
		{F3E38B24-5EF1-4740-9B27-4E5C9509A27A}.Debug|Any CPU.Build.0 = Debug|Any CPU
		{F3E38B24-5EF1-4740-9B27-4E5C9509A27A}.Release|Any CPU.ActiveCfg = Release|Any CPU
		{F3E38B24-5EF1-4740-9B27-4E5C9509A27A}.Release|Any CPU.Build.0 = Release|Any CPU
	EndGlobalSection
	GlobalSection(SolutionProperties) = preSolution
		HideSolutionNode = FALSE
	EndGlobalSection
	GlobalSection(ExtensibilityGlobals) = postSolution
		SolutionGuid = {38BBDD13-8F92-40CD-87F8-B662CA96A17F}
	EndGlobalSection
EndGlobal
