
Microsoft Visual Studio Solution File, Format Version 12.00
# Visual Studio Version 16
VisualStudioVersion = 16.0.31129.286
MinimumVisualStudioVersion = 10.0.40219.1
Project("{FAE04EC0-301F-11D3-BF4B-00C04F79EFBC}") = "Program", "Program\Program.csproj", "{39E2700E-FA10-4C4E-97B5-45C7BD65A77B}"
EndProject
Global
	GlobalSection(SolutionConfigurationPlatforms) = preSolution
		Debug|Any CPU = Debug|Any CPU
		Release|Any CPU = Release|Any CPU
	EndGlobalSection
	GlobalSection(ProjectConfigurationPlatforms) = postSolution
		{39E2700E-FA10-4C4E-97B5-45C7BD65A77B}.Debug|Any CPU.ActiveCfg = Debug|Any CPU
		{39E2700E-FA10-4C4E-97B5-45C7BD65A77B}.Debug|Any CPU.Build.0 = Debug|Any CPU
		{39E2700E-FA10-4C4E-97B5-45C7BD65A77B}.Release|Any CPU.ActiveCfg = Release|Any CPU
		{39E2700E-FA10-4C4E-97B5-45C7BD65A77B}.Release|Any CPU.Build.0 = Release|Any CPU
	EndGlobalSection
	GlobalSection(SolutionProperties) = preSolution
		HideSolutionNode = FALSE
	EndGlobalSection
	GlobalSection(ExtensibilityGlobals) = postSolution
		SolutionGuid = {C991E977-26AB-4736-8299-684110CC203C}
	EndGlobalSection
EndGlobal
